
Microsoft Visual Studio Solution File, Format Version 12.00
# Visual Studio Version 17
VisualStudioVersion = 17.9.34701.34
MinimumVisualStudioVersion = 10.0.40219.1
Project("{9A19103F-16F7-4668-BE54-9A1E7A4F7556}") = "ElevatorApp", "ElevatorApp\ElevatorApp.csproj", "{88456955-7658-4E9F-ABE3-B8031E3CEE1B}"
EndProject
Project("{9A19103F-16F7-4668-BE54-9A1E7A4F7556}") = "TestProjectNUnit", "TestProjectNUnit\TestProjectNUnit.csproj", "{3E946408-6A22-405B-BBC3-C3C9296BF609}"
EndProject
Global
	GlobalSection(SolutionConfigurationPlatforms) = preSolution
		Debug|Any CPU = Debug|Any CPU
		Release|Any CPU = Release|Any CPU
	EndGlobalSection
	GlobalSection(ProjectConfigurationPlatforms) = postSolution
		{88456955-7658-4E9F-ABE3-B8031E3CEE1B}.Debug|Any CPU.ActiveCfg = Debug|Any CPU
		{88456955-7658-4E9F-ABE3-B8031E3CEE1B}.Debug|Any CPU.Build.0 = Debug|Any CPU
		{88456955-7658-4E9F-ABE3-B8031E3CEE1B}.Release|Any CPU.ActiveCfg = Release|Any CPU
		{88456955-7658-4E9F-ABE3-B8031E3CEE1B}.Release|Any CPU.Build.0 = Release|Any CPU
		{3E946408-6A22-405B-BBC3-C3C9296BF609}.Debug|Any CPU.ActiveCfg = Debug|Any CPU
		{3E946408-6A22-405B-BBC3-C3C9296BF609}.Debug|Any CPU.Build.0 = Debug|Any CPU
		{3E946408-6A22-405B-BBC3-C3C9296BF609}.Release|Any CPU.ActiveCfg = Release|Any CPU
		{3E946408-6A22-405B-BBC3-C3C9296BF609}.Release|Any CPU.Build.0 = Release|Any CPU
	EndGlobalSection
	GlobalSection(SolutionProperties) = preSolution
		HideSolutionNode = FALSE
	EndGlobalSection
	GlobalSection(ExtensibilityGlobals) = postSolution
		SolutionGuid = {6C0E7BB1-DA95-4C1A-B75C-1FBDCD507A5E}
	EndGlobalSection
EndGlobal
